
Microsoft Visual Studio Solution File, Format Version 12.00
# Visual Studio Version 17
VisualStudioVersion = 17.0.31903.59
MinimumVisualStudioVersion = 10.0.40219.1
Project("{FAE04EC0-301F-11D3-BF4B-00C04F79EFBC}") = "Animal", "Animal\Animal.csproj", "{9E924BA4-0273-4E12-ADE1-700C4047BCA1}"
EndProject
Project("{FAE04EC0-301F-11D3-BF4B-00C04F79EFBC}") = "Encapsulation", "Encapsulation\Encapsulation.csproj", "{DC20094E-AC63-45EE-A05B-BAE26D949A7D}"
EndProject
Project("{FAE04EC0-301F-11D3-BF4B-00C04F79EFBC}") = "Polymorph", "Polymorph\Polymorph.csproj", "{157071F8-71BB-47B1-8212-594BEA431427}"
EndProject
Project("{FAE04EC0-301F-11D3-BF4B-00C04F79EFBC}") = "ProjectEmpat", "ProjectEmpat\ProjectEmpat.csproj", "{8C6B750E-8B46-4A67-AABC-1AF6CE243A86}"
EndProject
Project("{FAE04EC0-301F-11D3-BF4B-00C04F79EFBC}") = "ProjectSatu", "ProjectSatu\ProjectSatu.csproj", "{7BBEAD6D-6167-4D83-9627-30B8FB701B72}"
EndProject
Project("{FAE04EC0-301F-11D3-BF4B-00C04F79EFBC}") = "ProjectTiga", "ProjectTiga\ProjectTiga.csproj", "{85469464-02B9-41DA-A5B3-8FC583E2C439}"
EndProject
Project("{FAE04EC0-301F-11D3-BF4B-00C04F79EFBC}") = "EncapsulationTwo", "EncapsulationTwo\EncapsulationTwo.csproj", "{B1BE1167-D0D8-478B-B316-F9A592E4C560}"
EndProject
Project("{FAE04EC0-301F-11D3-BF4B-00C04F79EFBC}") = "Abstract", "Abstract\Abstract.csproj", "{553D6243-4F5C-4E59-96CE-DC153026A6FB}"
EndProject
Project("{FAE04EC0-301F-11D3-BF4B-00C04F79EFBC}") = "AbstractExample", "AbstractExample\AbstractExample.csproj", "{58A43396-FD65-4FCF-8CF4-72C9A385F2C4}"
EndProject
Project("{FAE04EC0-301F-11D3-BF4B-00C04F79EFBC}") = "InterfaceExample", "InterfaceExample\InterfaceExample.csproj", "{FB75FCE8-47B6-4B74-9ECD-656F48D87371}"
EndProject
Project("{FAE04EC0-301F-11D3-BF4B-00C04F79EFBC}") = "Interface", "Interface\Interface.csproj", "{A61BD4E7-3D27-4A08-A01D-9664E58F75D0}"
EndProject
Project("{FAE04EC0-301F-11D3-BF4B-00C04F79EFBC}") = "InterfaceTwo", "InterfaceTwo\InterfaceTwo.csproj", "{F68EF9AB-9FF4-4A01-BF59-B18C73C5886D}"
EndProject
Project("{FAE04EC0-301F-11D3-BF4B-00C04F79EFBC}") = "InterfaceExampleTwo", "InterfaceExampleTwo\InterfaceExampleTwo.csproj", "{6FE8A1A6-5B89-4E2E-BFF3-2FE65D648A16}"
EndProject
Project("{FAE04EC0-301F-11D3-BF4B-00C04F79EFBC}") = "GetSetExample", "GetSetExample\GetSetExample.csproj", "{E69262FD-9306-4A21-A2DC-6369A8675FFD}"
EndProject
Project("{FAE04EC0-301F-11D3-BF4B-00C04F79EFBC}") = "Static", "Static\Static.csproj", "{D633C95D-CD53-4E16-95AA-09B661F0B45A}"
EndProject
Project("{FAE04EC0-301F-11D3-BF4B-00C04F79EFBC}") = "Object", "Object\Object.csproj", "{C37D3CD7-B904-4512-8925-7B0E03B6E059}"
EndProject
Project("{FAE04EC0-301F-11D3-BF4B-00C04F79EFBC}") = "UpcastDowncast", "UpcastDowncast\UpcastDowncast.csproj", "{A6C2A5B5-F533-46E1-9B58-50FD2B2889AE}"
EndProject
Project("{FAE04EC0-301F-11D3-BF4B-00C04F79EFBC}") = "ObjectPractice", "ObjectPractice\ObjectPractice.csproj", "{BB780F64-3EE2-40DC-B890-1DE5E5338454}"
EndProject
Project("{FAE04EC0-301F-11D3-BF4B-00C04F79EFBC}") = "In", "In\In.csproj", "{DB42A859-8512-4325-9A80-8AFF7D9BB498}"
EndProject
Project("{FAE04EC0-301F-11D3-BF4B-00C04F79EFBC}") = "Out", "Out\Out.csproj", "{70104371-C2AD-4BAA-9AE5-4BACF65FEB65}"
EndProject
Project("{FAE04EC0-301F-11D3-BF4B-00C04F79EFBC}") = "Ref", "Ref\Ref.csproj", "{ED468F9F-B14C-485F-B7C6-DB1FB7E6D812}"
EndProject
Project("{FAE04EC0-301F-11D3-BF4B-00C04F79EFBC}") = "RefPractice", "RefPractice\RefPractice.csproj", "{A565D68F-E83C-4D40-A8B9-6ACAD94C2CEF}"
EndProject
Project("{FAE04EC0-301F-11D3-BF4B-00C04F79EFBC}") = "StringBuilder", "StringBuilder\StringBuilder.csproj", "{F0A20D00-1A9F-44AA-BF4F-016522EA64F9}"
EndProject
Project("{FAE04EC0-301F-11D3-BF4B-00C04F79EFBC}") = "OutPractice", "OutPractice\OutPractice.csproj", "{BB45206E-5CEC-44B2-9196-3D91F00669C3}"
EndProject
Project("{FAE04EC0-301F-11D3-BF4B-00C04F79EFBC}") = "ObjectParse", "ObjectParse\ObjectParse.csproj", "{FD8202F0-0C26-44AA-AA74-9184AC86DB1C}"
EndProject
Project("{FAE04EC0-301F-11D3-BF4B-00C04F79EFBC}") = "ObjectParsePractice", "ObjectParsePractice\ObjectParsePractice.csproj", "{49BC2D82-64A2-440D-B7C8-01A42B880173}"
EndProject
Project("{FAE04EC0-301F-11D3-BF4B-00C04F79EFBC}") = "Generic", "Generic\Generic.csproj", "{D3E66589-9AB1-4B4F-BFDD-DB9D19061F2E}"
EndProject
Project("{FAE04EC0-301F-11D3-BF4B-00C04F79EFBC}") = "GenericMethod", "GenericMethod\GenericMethod.csproj", "{C5DF5EFA-B308-421B-9D28-01BED9D1BEEB}"
EndProject
Project("{FAE04EC0-301F-11D3-BF4B-00C04F79EFBC}") = "DelegatePractice", "DelegatePractice\DelegatePractice.csproj", "{52FFFB33-5528-4F0C-BBD3-65CDB9B1A2C9}"
EndProject
Project("{FAE04EC0-301F-11D3-BF4B-00C04F79EFBC}") = "EventhandlerWDelegate", "EventhandlerWDelegate\EventhandlerWDelegate.csproj", "{BDCF3A96-4A03-41CD-9E62-E2DE3DA1910F}"
EndProject
Project("{FAE04EC0-301F-11D3-BF4B-00C04F79EFBC}") = "EventHandler", "EventHandler\EventHandler.csproj", "{882C1CC3-C3F0-4D14-838B-6CB0451129EC}"
EndProject
Project("{FAE04EC0-301F-11D3-BF4B-00C04F79EFBC}") = "EventPublisher", "EventPublisher\EventPublisher.csproj", "{A0A81D29-BF3E-4984-8BDA-7392546A2116}"
EndProject
Project("{FAE04EC0-301F-11D3-BF4B-00C04F79EFBC}") = "zDump", "zDump\zDump.csproj", "{61773834-9BEE-4B9A-911F-1511F861A807}"
EndProject
Project("{FAE04EC0-301F-11D3-BF4B-00C04F79EFBC}") = "Enumerable-Example", "Enumerable-Example\Enumerable-Example.csproj", "{B8088600-8F07-4DCA-A77C-C53612EBADAD}"
EndProject
Project("{FAE04EC0-301F-11D3-BF4B-00C04F79EFBC}") = "Enumerable", "Enumerable\Enumerable.csproj", "{EA0E5CA5-BE4D-4444-9826-0493113C7019}"
EndProject
Project("{FAE04EC0-301F-11D3-BF4B-00C04F79EFBC}") = "OperatorOverload", "OperatorOverload\OperatorOverload.csproj", "{968518AE-6DCD-404A-8E8C-382A1CB836B2}"
EndProject
Project("{FAE04EC0-301F-11D3-BF4B-00C04F79EFBC}") = "OperatorOverloadPractice", "OperatorOverloadPractice\OperatorOverloadPractice.csproj", "{CD6806D8-64C0-44D1-A558-0BD3513D801D}"
EndProject
Project("{FAE04EC0-301F-11D3-BF4B-00C04F79EFBC}") = "OperatorOverloadExampleTwo", "OperatorOverloadExampleTwo\OperatorOverloadExampleTwo.csproj", "{CF563540-2F82-406D-9708-A2ED01703C3D}"
EndProject
Project("{FAE04EC0-301F-11D3-BF4B-00C04F79EFBC}") = "Equals==", "Equals==\Equals==.csproj", "{34CB8A77-EC42-44A4-8E93-51D7632D7410}"
EndProject
Global
	GlobalSection(SolutionConfigurationPlatforms) = preSolution
		Debug|Any CPU = Debug|Any CPU
		Release|Any CPU = Release|Any CPU
	EndGlobalSection
	GlobalSection(SolutionProperties) = preSolution
		HideSolutionNode = FALSE
	EndGlobalSection
	GlobalSection(ProjectConfigurationPlatforms) = postSolution
		{9E924BA4-0273-4E12-ADE1-700C4047BCA1}.Debug|Any CPU.ActiveCfg = Debug|Any CPU
		{9E924BA4-0273-4E12-ADE1-700C4047BCA1}.Debug|Any CPU.Build.0 = Debug|Any CPU
		{9E924BA4-0273-4E12-ADE1-700C4047BCA1}.Release|Any CPU.ActiveCfg = Release|Any CPU
		{9E924BA4-0273-4E12-ADE1-700C4047BCA1}.Release|Any CPU.Build.0 = Release|Any CPU
		{DC20094E-AC63-45EE-A05B-BAE26D949A7D}.Debug|Any CPU.ActiveCfg = Debug|Any CPU
		{DC20094E-AC63-45EE-A05B-BAE26D949A7D}.Debug|Any CPU.Build.0 = Debug|Any CPU
		{DC20094E-AC63-45EE-A05B-BAE26D949A7D}.Release|Any CPU.ActiveCfg = Release|Any CPU
		{DC20094E-AC63-45EE-A05B-BAE26D949A7D}.Release|Any CPU.Build.0 = Release|Any CPU
		{157071F8-71BB-47B1-8212-594BEA431427}.Debug|Any CPU.ActiveCfg = Debug|Any CPU
		{157071F8-71BB-47B1-8212-594BEA431427}.Debug|Any CPU.Build.0 = Debug|Any CPU
		{157071F8-71BB-47B1-8212-594BEA431427}.Release|Any CPU.ActiveCfg = Release|Any CPU
		{157071F8-71BB-47B1-8212-594BEA431427}.Release|Any CPU.Build.0 = Release|Any CPU
		{8C6B750E-8B46-4A67-AABC-1AF6CE243A86}.Debug|Any CPU.ActiveCfg = Debug|Any CPU
		{8C6B750E-8B46-4A67-AABC-1AF6CE243A86}.Debug|Any CPU.Build.0 = Debug|Any CPU
		{8C6B750E-8B46-4A67-AABC-1AF6CE243A86}.Release|Any CPU.ActiveCfg = Release|Any CPU
		{8C6B750E-8B46-4A67-AABC-1AF6CE243A86}.Release|Any CPU.Build.0 = Release|Any CPU
		{7BBEAD6D-6167-4D83-9627-30B8FB701B72}.Debug|Any CPU.ActiveCfg = Debug|Any CPU
		{7BBEAD6D-6167-4D83-9627-30B8FB701B72}.Debug|Any CPU.Build.0 = Debug|Any CPU
		{7BBEAD6D-6167-4D83-9627-30B8FB701B72}.Release|Any CPU.ActiveCfg = Release|Any CPU
		{7BBEAD6D-6167-4D83-9627-30B8FB701B72}.Release|Any CPU.Build.0 = Release|Any CPU
		{85469464-02B9-41DA-A5B3-8FC583E2C439}.Debug|Any CPU.ActiveCfg = Debug|Any CPU
		{85469464-02B9-41DA-A5B3-8FC583E2C439}.Debug|Any CPU.Build.0 = Debug|Any CPU
		{85469464-02B9-41DA-A5B3-8FC583E2C439}.Release|Any CPU.ActiveCfg = Release|Any CPU
		{85469464-02B9-41DA-A5B3-8FC583E2C439}.Release|Any CPU.Build.0 = Release|Any CPU
		{B1BE1167-D0D8-478B-B316-F9A592E4C560}.Debug|Any CPU.ActiveCfg = Debug|Any CPU
		{B1BE1167-D0D8-478B-B316-F9A592E4C560}.Debug|Any CPU.Build.0 = Debug|Any CPU
		{B1BE1167-D0D8-478B-B316-F9A592E4C560}.Release|Any CPU.ActiveCfg = Release|Any CPU
		{B1BE1167-D0D8-478B-B316-F9A592E4C560}.Release|Any CPU.Build.0 = Release|Any CPU
		{553D6243-4F5C-4E59-96CE-DC153026A6FB}.Debug|Any CPU.ActiveCfg = Debug|Any CPU
		{553D6243-4F5C-4E59-96CE-DC153026A6FB}.Debug|Any CPU.Build.0 = Debug|Any CPU
		{553D6243-4F5C-4E59-96CE-DC153026A6FB}.Release|Any CPU.ActiveCfg = Release|Any CPU
		{553D6243-4F5C-4E59-96CE-DC153026A6FB}.Release|Any CPU.Build.0 = Release|Any CPU
		{58A43396-FD65-4FCF-8CF4-72C9A385F2C4}.Debug|Any CPU.ActiveCfg = Debug|Any CPU
		{58A43396-FD65-4FCF-8CF4-72C9A385F2C4}.Debug|Any CPU.Build.0 = Debug|Any CPU
		{58A43396-FD65-4FCF-8CF4-72C9A385F2C4}.Release|Any CPU.ActiveCfg = Release|Any CPU
		{58A43396-FD65-4FCF-8CF4-72C9A385F2C4}.Release|Any CPU.Build.0 = Release|Any CPU
		{FB75FCE8-47B6-4B74-9ECD-656F48D87371}.Debug|Any CPU.ActiveCfg = Debug|Any CPU
		{FB75FCE8-47B6-4B74-9ECD-656F48D87371}.Debug|Any CPU.Build.0 = Debug|Any CPU
		{FB75FCE8-47B6-4B74-9ECD-656F48D87371}.Release|Any CPU.ActiveCfg = Release|Any CPU
		{FB75FCE8-47B6-4B74-9ECD-656F48D87371}.Release|Any CPU.Build.0 = Release|Any CPU
		{A61BD4E7-3D27-4A08-A01D-9664E58F75D0}.Debug|Any CPU.ActiveCfg = Debug|Any CPU
		{A61BD4E7-3D27-4A08-A01D-9664E58F75D0}.Debug|Any CPU.Build.0 = Debug|Any CPU
		{A61BD4E7-3D27-4A08-A01D-9664E58F75D0}.Release|Any CPU.ActiveCfg = Release|Any CPU
		{A61BD4E7-3D27-4A08-A01D-9664E58F75D0}.Release|Any CPU.Build.0 = Release|Any CPU
		{F68EF9AB-9FF4-4A01-BF59-B18C73C5886D}.Debug|Any CPU.ActiveCfg = Debug|Any CPU
		{F68EF9AB-9FF4-4A01-BF59-B18C73C5886D}.Debug|Any CPU.Build.0 = Debug|Any CPU
		{F68EF9AB-9FF4-4A01-BF59-B18C73C5886D}.Release|Any CPU.ActiveCfg = Release|Any CPU
		{F68EF9AB-9FF4-4A01-BF59-B18C73C5886D}.Release|Any CPU.Build.0 = Release|Any CPU
		{6FE8A1A6-5B89-4E2E-BFF3-2FE65D648A16}.Debug|Any CPU.ActiveCfg = Debug|Any CPU
		{6FE8A1A6-5B89-4E2E-BFF3-2FE65D648A16}.Debug|Any CPU.Build.0 = Debug|Any CPU
		{6FE8A1A6-5B89-4E2E-BFF3-2FE65D648A16}.Release|Any CPU.ActiveCfg = Release|Any CPU
		{6FE8A1A6-5B89-4E2E-BFF3-2FE65D648A16}.Release|Any CPU.Build.0 = Release|Any CPU
		{E69262FD-9306-4A21-A2DC-6369A8675FFD}.Debug|Any CPU.ActiveCfg = Debug|Any CPU
		{E69262FD-9306-4A21-A2DC-6369A8675FFD}.Debug|Any CPU.Build.0 = Debug|Any CPU
		{E69262FD-9306-4A21-A2DC-6369A8675FFD}.Release|Any CPU.ActiveCfg = Release|Any CPU
		{E69262FD-9306-4A21-A2DC-6369A8675FFD}.Release|Any CPU.Build.0 = Release|Any CPU
		{D633C95D-CD53-4E16-95AA-09B661F0B45A}.Debug|Any CPU.ActiveCfg = Debug|Any CPU
		{D633C95D-CD53-4E16-95AA-09B661F0B45A}.Debug|Any CPU.Build.0 = Debug|Any CPU
		{D633C95D-CD53-4E16-95AA-09B661F0B45A}.Release|Any CPU.ActiveCfg = Release|Any CPU
		{D633C95D-CD53-4E16-95AA-09B661F0B45A}.Release|Any CPU.Build.0 = Release|Any CPU
		{C37D3CD7-B904-4512-8925-7B0E03B6E059}.Debug|Any CPU.ActiveCfg = Debug|Any CPU
		{C37D3CD7-B904-4512-8925-7B0E03B6E059}.Debug|Any CPU.Build.0 = Debug|Any CPU
		{C37D3CD7-B904-4512-8925-7B0E03B6E059}.Release|Any CPU.ActiveCfg = Release|Any CPU
		{C37D3CD7-B904-4512-8925-7B0E03B6E059}.Release|Any CPU.Build.0 = Release|Any CPU
		{A6C2A5B5-F533-46E1-9B58-50FD2B2889AE}.Debug|Any CPU.ActiveCfg = Debug|Any CPU
		{A6C2A5B5-F533-46E1-9B58-50FD2B2889AE}.Debug|Any CPU.Build.0 = Debug|Any CPU
		{A6C2A5B5-F533-46E1-9B58-50FD2B2889AE}.Release|Any CPU.ActiveCfg = Release|Any CPU
		{A6C2A5B5-F533-46E1-9B58-50FD2B2889AE}.Release|Any CPU.Build.0 = Release|Any CPU
		{BB780F64-3EE2-40DC-B890-1DE5E5338454}.Debug|Any CPU.ActiveCfg = Debug|Any CPU
		{BB780F64-3EE2-40DC-B890-1DE5E5338454}.Debug|Any CPU.Build.0 = Debug|Any CPU
		{BB780F64-3EE2-40DC-B890-1DE5E5338454}.Release|Any CPU.ActiveCfg = Release|Any CPU
		{BB780F64-3EE2-40DC-B890-1DE5E5338454}.Release|Any CPU.Build.0 = Release|Any CPU
		{DB42A859-8512-4325-9A80-8AFF7D9BB498}.Debug|Any CPU.ActiveCfg = Debug|Any CPU
		{DB42A859-8512-4325-9A80-8AFF7D9BB498}.Debug|Any CPU.Build.0 = Debug|Any CPU
		{DB42A859-8512-4325-9A80-8AFF7D9BB498}.Release|Any CPU.ActiveCfg = Release|Any CPU
		{DB42A859-8512-4325-9A80-8AFF7D9BB498}.Release|Any CPU.Build.0 = Release|Any CPU
		{70104371-C2AD-4BAA-9AE5-4BACF65FEB65}.Debug|Any CPU.ActiveCfg = Debug|Any CPU
		{70104371-C2AD-4BAA-9AE5-4BACF65FEB65}.Debug|Any CPU.Build.0 = Debug|Any CPU
		{70104371-C2AD-4BAA-9AE5-4BACF65FEB65}.Release|Any CPU.ActiveCfg = Release|Any CPU
		{70104371-C2AD-4BAA-9AE5-4BACF65FEB65}.Release|Any CPU.Build.0 = Release|Any CPU
		{ED468F9F-B14C-485F-B7C6-DB1FB7E6D812}.Debug|Any CPU.ActiveCfg = Debug|Any CPU
		{ED468F9F-B14C-485F-B7C6-DB1FB7E6D812}.Debug|Any CPU.Build.0 = Debug|Any CPU
		{ED468F9F-B14C-485F-B7C6-DB1FB7E6D812}.Release|Any CPU.ActiveCfg = Release|Any CPU
		{ED468F9F-B14C-485F-B7C6-DB1FB7E6D812}.Release|Any CPU.Build.0 = Release|Any CPU
		{A565D68F-E83C-4D40-A8B9-6ACAD94C2CEF}.Debug|Any CPU.ActiveCfg = Debug|Any CPU
		{A565D68F-E83C-4D40-A8B9-6ACAD94C2CEF}.Debug|Any CPU.Build.0 = Debug|Any CPU
		{A565D68F-E83C-4D40-A8B9-6ACAD94C2CEF}.Release|Any CPU.ActiveCfg = Release|Any CPU
		{A565D68F-E83C-4D40-A8B9-6ACAD94C2CEF}.Release|Any CPU.Build.0 = Release|Any CPU
		{F0A20D00-1A9F-44AA-BF4F-016522EA64F9}.Debug|Any CPU.ActiveCfg = Debug|Any CPU
		{F0A20D00-1A9F-44AA-BF4F-016522EA64F9}.Debug|Any CPU.Build.0 = Debug|Any CPU
		{F0A20D00-1A9F-44AA-BF4F-016522EA64F9}.Release|Any CPU.ActiveCfg = Release|Any CPU
		{F0A20D00-1A9F-44AA-BF4F-016522EA64F9}.Release|Any CPU.Build.0 = Release|Any CPU
		{BB45206E-5CEC-44B2-9196-3D91F00669C3}.Debug|Any CPU.ActiveCfg = Debug|Any CPU
		{BB45206E-5CEC-44B2-9196-3D91F00669C3}.Debug|Any CPU.Build.0 = Debug|Any CPU
		{BB45206E-5CEC-44B2-9196-3D91F00669C3}.Release|Any CPU.ActiveCfg = Release|Any CPU
		{BB45206E-5CEC-44B2-9196-3D91F00669C3}.Release|Any CPU.Build.0 = Release|Any CPU
		{FD8202F0-0C26-44AA-AA74-9184AC86DB1C}.Debug|Any CPU.ActiveCfg = Debug|Any CPU
		{FD8202F0-0C26-44AA-AA74-9184AC86DB1C}.Debug|Any CPU.Build.0 = Debug|Any CPU
		{FD8202F0-0C26-44AA-AA74-9184AC86DB1C}.Release|Any CPU.ActiveCfg = Release|Any CPU
		{FD8202F0-0C26-44AA-AA74-9184AC86DB1C}.Release|Any CPU.Build.0 = Release|Any CPU
		{49BC2D82-64A2-440D-B7C8-01A42B880173}.Debug|Any CPU.ActiveCfg = Debug|Any CPU
		{49BC2D82-64A2-440D-B7C8-01A42B880173}.Debug|Any CPU.Build.0 = Debug|Any CPU
		{49BC2D82-64A2-440D-B7C8-01A42B880173}.Release|Any CPU.ActiveCfg = Release|Any CPU
		{49BC2D82-64A2-440D-B7C8-01A42B880173}.Release|Any CPU.Build.0 = Release|Any CPU
		{D3E66589-9AB1-4B4F-BFDD-DB9D19061F2E}.Debug|Any CPU.ActiveCfg = Debug|Any CPU
		{D3E66589-9AB1-4B4F-BFDD-DB9D19061F2E}.Debug|Any CPU.Build.0 = Debug|Any CPU
		{D3E66589-9AB1-4B4F-BFDD-DB9D19061F2E}.Release|Any CPU.ActiveCfg = Release|Any CPU
		{D3E66589-9AB1-4B4F-BFDD-DB9D19061F2E}.Release|Any CPU.Build.0 = Release|Any CPU
		{C5DF5EFA-B308-421B-9D28-01BED9D1BEEB}.Debug|Any CPU.ActiveCfg = Debug|Any CPU
		{C5DF5EFA-B308-421B-9D28-01BED9D1BEEB}.Debug|Any CPU.Build.0 = Debug|Any CPU
		{C5DF5EFA-B308-421B-9D28-01BED9D1BEEB}.Release|Any CPU.ActiveCfg = Release|Any CPU
		{C5DF5EFA-B308-421B-9D28-01BED9D1BEEB}.Release|Any CPU.Build.0 = Release|Any CPU
		{52FFFB33-5528-4F0C-BBD3-65CDB9B1A2C9}.Debug|Any CPU.ActiveCfg = Debug|Any CPU
		{52FFFB33-5528-4F0C-BBD3-65CDB9B1A2C9}.Debug|Any CPU.Build.0 = Debug|Any CPU
		{52FFFB33-5528-4F0C-BBD3-65CDB9B1A2C9}.Release|Any CPU.ActiveCfg = Release|Any CPU
		{52FFFB33-5528-4F0C-BBD3-65CDB9B1A2C9}.Release|Any CPU.Build.0 = Release|Any CPU
		{BDCF3A96-4A03-41CD-9E62-E2DE3DA1910F}.Debug|Any CPU.ActiveCfg = Debug|Any CPU
		{BDCF3A96-4A03-41CD-9E62-E2DE3DA1910F}.Debug|Any CPU.Build.0 = Debug|Any CPU
		{BDCF3A96-4A03-41CD-9E62-E2DE3DA1910F}.Release|Any CPU.ActiveCfg = Release|Any CPU
		{BDCF3A96-4A03-41CD-9E62-E2DE3DA1910F}.Release|Any CPU.Build.0 = Release|Any CPU
		{882C1CC3-C3F0-4D14-838B-6CB0451129EC}.Debug|Any CPU.ActiveCfg = Debug|Any CPU
		{882C1CC3-C3F0-4D14-838B-6CB0451129EC}.Debug|Any CPU.Build.0 = Debug|Any CPU
		{882C1CC3-C3F0-4D14-838B-6CB0451129EC}.Release|Any CPU.ActiveCfg = Release|Any CPU
		{882C1CC3-C3F0-4D14-838B-6CB0451129EC}.Release|Any CPU.Build.0 = Release|Any CPU
		{A0A81D29-BF3E-4984-8BDA-7392546A2116}.Debug|Any CPU.ActiveCfg = Debug|Any CPU
		{A0A81D29-BF3E-4984-8BDA-7392546A2116}.Debug|Any CPU.Build.0 = Debug|Any CPU
		{A0A81D29-BF3E-4984-8BDA-7392546A2116}.Release|Any CPU.ActiveCfg = Release|Any CPU
		{A0A81D29-BF3E-4984-8BDA-7392546A2116}.Release|Any CPU.Build.0 = Release|Any CPU
		{61773834-9BEE-4B9A-911F-1511F861A807}.Debug|Any CPU.ActiveCfg = Debug|Any CPU
		{61773834-9BEE-4B9A-911F-1511F861A807}.Debug|Any CPU.Build.0 = Debug|Any CPU
		{61773834-9BEE-4B9A-911F-1511F861A807}.Release|Any CPU.ActiveCfg = Release|Any CPU
		{61773834-9BEE-4B9A-911F-1511F861A807}.Release|Any CPU.Build.0 = Release|Any CPU
		{B8088600-8F07-4DCA-A77C-C53612EBADAD}.Debug|Any CPU.ActiveCfg = Debug|Any CPU
		{B8088600-8F07-4DCA-A77C-C53612EBADAD}.Debug|Any CPU.Build.0 = Debug|Any CPU
		{B8088600-8F07-4DCA-A77C-C53612EBADAD}.Release|Any CPU.ActiveCfg = Release|Any CPU
		{B8088600-8F07-4DCA-A77C-C53612EBADAD}.Release|Any CPU.Build.0 = Release|Any CPU
		{EA0E5CA5-BE4D-4444-9826-0493113C7019}.Debug|Any CPU.ActiveCfg = Debug|Any CPU
		{EA0E5CA5-BE4D-4444-9826-0493113C7019}.Debug|Any CPU.Build.0 = Debug|Any CPU
		{EA0E5CA5-BE4D-4444-9826-0493113C7019}.Release|Any CPU.ActiveCfg = Release|Any CPU
		{EA0E5CA5-BE4D-4444-9826-0493113C7019}.Release|Any CPU.Build.0 = Release|Any CPU
		{968518AE-6DCD-404A-8E8C-382A1CB836B2}.Debug|Any CPU.ActiveCfg = Debug|Any CPU
		{968518AE-6DCD-404A-8E8C-382A1CB836B2}.Debug|Any CPU.Build.0 = Debug|Any CPU
		{968518AE-6DCD-404A-8E8C-382A1CB836B2}.Release|Any CPU.ActiveCfg = Release|Any CPU
		{968518AE-6DCD-404A-8E8C-382A1CB836B2}.Release|Any CPU.Build.0 = Release|Any CPU
		{CD6806D8-64C0-44D1-A558-0BD3513D801D}.Debug|Any CPU.ActiveCfg = Debug|Any CPU
		{CD6806D8-64C0-44D1-A558-0BD3513D801D}.Debug|Any CPU.Build.0 = Debug|Any CPU
		{CD6806D8-64C0-44D1-A558-0BD3513D801D}.Release|Any CPU.ActiveCfg = Release|Any CPU
		{CD6806D8-64C0-44D1-A558-0BD3513D801D}.Release|Any CPU.Build.0 = Release|Any CPU
		{CF563540-2F82-406D-9708-A2ED01703C3D}.Debug|Any CPU.ActiveCfg = Debug|Any CPU
		{CF563540-2F82-406D-9708-A2ED01703C3D}.Debug|Any CPU.Build.0 = Debug|Any CPU
		{CF563540-2F82-406D-9708-A2ED01703C3D}.Release|Any CPU.ActiveCfg = Release|Any CPU
		{CF563540-2F82-406D-9708-A2ED01703C3D}.Release|Any CPU.Build.0 = Release|Any CPU
		{34CB8A77-EC42-44A4-8E93-51D7632D7410}.Debug|Any CPU.ActiveCfg = Debug|Any CPU
		{34CB8A77-EC42-44A4-8E93-51D7632D7410}.Debug|Any CPU.Build.0 = Debug|Any CPU
		{34CB8A77-EC42-44A4-8E93-51D7632D7410}.Release|Any CPU.ActiveCfg = Release|Any CPU
		{34CB8A77-EC42-44A4-8E93-51D7632D7410}.Release|Any CPU.Build.0 = Release|Any CPU
	EndGlobalSection
EndGlobal
